
Microsoft Visual Studio Solution File, Format Version 12.00
# Visual Studio Version 16
VisualStudioVersion = 16.0.29509.3
MinimumVisualStudioVersion = 10.0.40219.1
Project("{FAE04EC0-301F-11D3-BF4B-00C04F79EFBC}") = "PaintV3", "PaintV3\PaintV3.csproj", "{F2EE0A3D-26FB-4720-931B-2BA0AF05507D}"
EndProject
Global
	GlobalSection(SolutionConfigurationPlatforms) = preSolution
		Debug|Any CPU = Debug|Any CPU
		Release|Any CPU = Release|Any CPU
	EndGlobalSection
	GlobalSection(ProjectConfigurationPlatforms) = postSolution
		{F2EE0A3D-26FB-4720-931B-2BA0AF05507D}.Debug|Any CPU.ActiveCfg = Debug|Any CPU
		{F2EE0A3D-26FB-4720-931B-2BA0AF05507D}.Debug|Any CPU.Build.0 = Debug|Any CPU
		{F2EE0A3D-26FB-4720-931B-2BA0AF05507D}.Release|Any CPU.ActiveCfg = Release|Any CPU
		{F2EE0A3D-26FB-4720-931B-2BA0AF05507D}.Release|Any CPU.Build.0 = Release|Any CPU
	EndGlobalSection
	GlobalSection(SolutionProperties) = preSolution
		HideSolutionNode = FALSE
	EndGlobalSection
	GlobalSection(ExtensibilityGlobals) = postSolution
		SolutionGuid = {DDCD2E50-8377-4F6A-BA2A-6B37A722044A}
	EndGlobalSection
EndGlobal
